
Microsoft Visual Studio Solution File, Format Version 12.00
# Visual Studio Version 16
VisualStudioVersion = 16.0.30128.74
MinimumVisualStudioVersion = 10.0.40219.1
Project("{D954291E-2A0B-460D-934E-DC6B0785DB48}") = "HalloUno.Shared", "HalloUno\HalloUno.Shared\HalloUno.Shared.shproj", "{6279C845-92F8-4333-AB99-3D213163593C}"
EndProject
Project("{FAE04EC0-301F-11D3-BF4B-00C04F79EFBC}") = "HalloUno.Droid", "HalloUno\HalloUno.Droid\HalloUno.Droid.csproj", "{FF974082-375A-4E02-B4DC-09351641E577}"
EndProject
Project("{FAE04EC0-301F-11D3-BF4B-00C04F79EFBC}") = "HalloUno.iOS", "HalloUno\HalloUno.iOS\HalloUno.iOS.csproj", "{1EB0D1FE-7F20-4D82-8442-7A84035B79AF}"
EndProject
Project("{FAE04EC0-301F-11D3-BF4B-00C04F79EFBC}") = "HalloUno.UWP", "HalloUno\HalloUno.UWP\HalloUno.UWP.csproj", "{88FD7C57-9F60-4284-92C4-8382D96CE0B7}"
EndProject
Project("{FAE04EC0-301F-11D3-BF4B-00C04F79EFBC}") = "HalloUno.Wasm", "HalloUno\HalloUno.Wasm\HalloUno.Wasm.csproj", "{BDE3B100-521D-4AFB-B87F-43B98693C339}"
EndProject
Project("{FAE04EC0-301F-11D3-BF4B-00C04F79EFBC}") = "HalloUno.macOS", "HalloUno\HalloUno.macOS\HalloUno.macOS.csproj", "{D5D37F28-D960-4A7F-BF7B-2D6620F0889F}"
EndProject
Global
	GlobalSection(SharedMSBuildProjectFiles) = preSolution
		HalloUno\HalloUno.Shared\HalloUno.Shared.projitems*{1eb0d1fe-7f20-4d82-8442-7a84035b79af}*SharedItemsImports = 4
		HalloUno\HalloUno.Shared\HalloUno.Shared.projitems*{6279c845-92f8-4333-ab99-3d213163593c}*SharedItemsImports = 13
		HalloUno\HalloUno.Shared\HalloUno.Shared.projitems*{88fd7c57-9f60-4284-92c4-8382d96ce0b7}*SharedItemsImports = 4
		HalloUno\HalloUno.Shared\HalloUno.Shared.projitems*{bde3b100-521d-4afb-b87f-43b98693c339}*SharedItemsImports = 5
		HalloUno\HalloUno.Shared\HalloUno.Shared.projitems*{d5d37f28-d960-4a7f-bf7b-2d6620f0889f}*SharedItemsImports = 4
		HalloUno\HalloUno.Shared\HalloUno.Shared.projitems*{ff974082-375a-4e02-b4dc-09351641e577}*SharedItemsImports = 4
	EndGlobalSection
	GlobalSection(SolutionConfigurationPlatforms) = preSolution
		Ad-Hoc|Any CPU = Ad-Hoc|Any CPU
		Ad-Hoc|ARM = Ad-Hoc|ARM
		Ad-Hoc|ARM64 = Ad-Hoc|ARM64
		Ad-Hoc|iPhone = Ad-Hoc|iPhone
		Ad-Hoc|iPhoneSimulator = Ad-Hoc|iPhoneSimulator
		Ad-Hoc|x64 = Ad-Hoc|x64
		Ad-Hoc|x86 = Ad-Hoc|x86
		AppStore|Any CPU = AppStore|Any CPU
		AppStore|ARM = AppStore|ARM
		AppStore|ARM64 = AppStore|ARM64
		AppStore|iPhone = AppStore|iPhone
		AppStore|iPhoneSimulator = AppStore|iPhoneSimulator
		AppStore|x64 = AppStore|x64
		AppStore|x86 = AppStore|x86
		Debug|Any CPU = Debug|Any CPU
		Debug|ARM = Debug|ARM
		Debug|ARM64 = Debug|ARM64
		Debug|iPhone = Debug|iPhone
		Debug|iPhoneSimulator = Debug|iPhoneSimulator
		Debug|x64 = Debug|x64
		Debug|x86 = Debug|x86
		Release|Any CPU = Release|Any CPU
		Release|ARM = Release|ARM
		Release|ARM64 = Release|ARM64
		Release|iPhone = Release|iPhone
		Release|iPhoneSimulator = Release|iPhoneSimulator
		Release|x64 = Release|x64
		Release|x86 = Release|x86
	EndGlobalSection
	GlobalSection(ProjectConfigurationPlatforms) = postSolution
		{FF974082-375A-4E02-B4DC-09351641E577}.Ad-Hoc|Any CPU.ActiveCfg = Release|Any CPU
		{FF974082-375A-4E02-B4DC-09351641E577}.Ad-Hoc|Any CPU.Build.0 = Release|Any CPU
		{FF974082-375A-4E02-B4DC-09351641E577}.Ad-Hoc|Any CPU.Deploy.0 = Release|Any CPU
		{FF974082-375A-4E02-B4DC-09351641E577}.Ad-Hoc|ARM.ActiveCfg = Release|Any CPU
		{FF974082-375A-4E02-B4DC-09351641E577}.Ad-Hoc|ARM.Build.0 = Release|Any CPU
		{FF974082-375A-4E02-B4DC-09351641E577}.Ad-Hoc|ARM.Deploy.0 = Release|Any CPU
		{FF974082-375A-4E02-B4DC-09351641E577}.Ad-Hoc|ARM64.ActiveCfg = Release|Any CPU
		{FF974082-375A-4E02-B4DC-09351641E577}.Ad-Hoc|ARM64.Build.0 = Release|Any CPU
		{FF974082-375A-4E02-B4DC-09351641E577}.Ad-Hoc|ARM64.Deploy.0 = Release|Any CPU
		{FF974082-375A-4E02-B4DC-09351641E577}.Ad-Hoc|iPhone.ActiveCfg = Release|Any CPU
		{FF974082-375A-4E02-B4DC-09351641E577}.Ad-Hoc|iPhone.Build.0 = Release|Any CPU
		{FF974082-375A-4E02-B4DC-09351641E577}.Ad-Hoc|iPhone.Deploy.0 = Release|Any CPU
		{FF974082-375A-4E02-B4DC-09351641E577}.Ad-Hoc|iPhoneSimulator.ActiveCfg = Release|Any CPU
		{FF974082-375A-4E02-B4DC-09351641E577}.Ad-Hoc|iPhoneSimulator.Build.0 = Release|Any CPU
		{FF974082-375A-4E02-B4DC-09351641E577}.Ad-Hoc|iPhoneSimulator.Deploy.0 = Release|Any CPU
		{FF974082-375A-4E02-B4DC-09351641E577}.Ad-Hoc|x64.ActiveCfg = Release|Any CPU
		{FF974082-375A-4E02-B4DC-09351641E577}.Ad-Hoc|x64.Build.0 = Release|Any CPU
		{FF974082-375A-4E02-B4DC-09351641E577}.Ad-Hoc|x64.Deploy.0 = Release|Any CPU
		{FF974082-375A-4E02-B4DC-09351641E577}.Ad-Hoc|x86.ActiveCfg = Release|Any CPU
		{FF974082-375A-4E02-B4DC-09351641E577}.Ad-Hoc|x86.Build.0 = Release|Any CPU
		{FF974082-375A-4E02-B4DC-09351641E577}.Ad-Hoc|x86.Deploy.0 = Release|Any CPU
		{FF974082-375A-4E02-B4DC-09351641E577}.AppStore|Any CPU.ActiveCfg = Release|Any CPU
		{FF974082-375A-4E02-B4DC-09351641E577}.AppStore|Any CPU.Build.0 = Release|Any CPU
		{FF974082-375A-4E02-B4DC-09351641E577}.AppStore|Any CPU.Deploy.0 = Release|Any CPU
		{FF974082-375A-4E02-B4DC-09351641E577}.AppStore|ARM.ActiveCfg = Release|Any CPU
		{FF974082-375A-4E02-B4DC-09351641E577}.AppStore|ARM.Build.0 = Release|Any CPU
		{FF974082-375A-4E02-B4DC-09351641E577}.AppStore|ARM.Deploy.0 = Release|Any CPU
		{FF974082-375A-4E02-B4DC-09351641E577}.AppStore|ARM64.ActiveCfg = Release|Any CPU
		{FF974082-375A-4E02-B4DC-09351641E577}.AppStore|ARM64.Build.0 = Release|Any CPU
		{FF974082-375A-4E02-B4DC-09351641E577}.AppStore|ARM64.Deploy.0 = Release|Any CPU
		{FF974082-375A-4E02-B4DC-09351641E577}.AppStore|iPhone.ActiveCfg = Release|Any CPU
		{FF974082-375A-4E02-B4DC-09351641E577}.AppStore|iPhone.Build.0 = Release|Any CPU
		{FF974082-375A-4E02-B4DC-09351641E577}.AppStore|iPhone.Deploy.0 = Release|Any CPU
		{FF974082-375A-4E02-B4DC-09351641E577}.AppStore|iPhoneSimulator.ActiveCfg = Release|Any CPU
		{FF974082-375A-4E02-B4DC-09351641E577}.AppStore|iPhoneSimulator.Build.0 = Release|Any CPU
		{FF974082-375A-4E02-B4DC-09351641E577}.AppStore|iPhoneSimulator.Deploy.0 = Release|Any CPU
		{FF974082-375A-4E02-B4DC-09351641E577}.AppStore|x64.ActiveCfg = Release|Any CPU
		{FF974082-375A-4E02-B4DC-09351641E577}.AppStore|x64.Build.0 = Release|Any CPU
		{FF974082-375A-4E02-B4DC-09351641E577}.AppStore|x64.Deploy.0 = Release|Any CPU
		{FF974082-375A-4E02-B4DC-09351641E577}.AppStore|x86.ActiveCfg = Release|Any CPU
		{FF974082-375A-4E02-B4DC-09351641E577}.AppStore|x86.Build.0 = Release|Any CPU
		{FF974082-375A-4E02-B4DC-09351641E577}.AppStore|x86.Deploy.0 = Release|Any CPU
		{FF974082-375A-4E02-B4DC-09351641E577}.Debug|Any CPU.ActiveCfg = Debug|Any CPU
		{FF974082-375A-4E02-B4DC-09351641E577}.Debug|Any CPU.Build.0 = Debug|Any CPU
		{FF974082-375A-4E02-B4DC-09351641E577}.Debug|Any CPU.Deploy.0 = Debug|Any CPU
		{FF974082-375A-4E02-B4DC-09351641E577}.Debug|ARM.ActiveCfg = Debug|Any CPU
		{FF974082-375A-4E02-B4DC-09351641E577}.Debug|ARM.Build.0 = Debug|Any CPU
		{FF974082-375A-4E02-B4DC-09351641E577}.Debug|ARM.Deploy.0 = Debug|Any CPU
		{FF974082-375A-4E02-B4DC-09351641E577}.Debug|ARM64.ActiveCfg = Debug|Any CPU
		{FF974082-375A-4E02-B4DC-09351641E577}.Debug|ARM64.Build.0 = Debug|Any CPU
		{FF974082-375A-4E02-B4DC-09351641E577}.Debug|ARM64.Deploy.0 = Debug|Any CPU
		{FF974082-375A-4E02-B4DC-09351641E577}.Debug|iPhone.ActiveCfg = Debug|Any CPU
		{FF974082-375A-4E02-B4DC-09351641E577}.Debug|iPhone.Build.0 = Debug|Any CPU
		{FF974082-375A-4E02-B4DC-09351641E577}.Debug|iPhone.Deploy.0 = Debug|Any CPU
		{FF974082-375A-4E02-B4DC-09351641E577}.Debug|iPhoneSimulator.ActiveCfg = Debug|Any CPU
		{FF974082-375A-4E02-B4DC-09351641E577}.Debug|iPhoneSimulator.Build.0 = Debug|Any CPU
		{FF974082-375A-4E02-B4DC-09351641E577}.Debug|iPhoneSimulator.Deploy.0 = Debug|Any CPU
		{FF974082-375A-4E02-B4DC-09351641E577}.Debug|x64.ActiveCfg = Debug|Any CPU
		{FF974082-375A-4E02-B4DC-09351641E577}.Debug|x64.Build.0 = Debug|Any CPU
		{FF974082-375A-4E02-B4DC-09351641E577}.Debug|x64.Deploy.0 = Debug|Any CPU
		{FF974082-375A-4E02-B4DC-09351641E577}.Debug|x86.ActiveCfg = Debug|Any CPU
		{FF974082-375A-4E02-B4DC-09351641E577}.Debug|x86.Build.0 = Debug|Any CPU
		{FF974082-375A-4E02-B4DC-09351641E577}.Debug|x86.Deploy.0 = Debug|Any CPU
		{FF974082-375A-4E02-B4DC-09351641E577}.Release|Any CPU.ActiveCfg = Release|Any CPU
		{FF974082-375A-4E02-B4DC-09351641E577}.Release|Any CPU.Build.0 = Release|Any CPU
		{FF974082-375A-4E02-B4DC-09351641E577}.Release|Any CPU.Deploy.0 = Release|Any CPU
		{FF974082-375A-4E02-B4DC-09351641E577}.Release|ARM.ActiveCfg = Release|Any CPU
		{FF974082-375A-4E02-B4DC-09351641E577}.Release|ARM.Build.0 = Release|Any CPU
		{FF974082-375A-4E02-B4DC-09351641E577}.Release|ARM.Deploy.0 = Release|Any CPU
		{FF974082-375A-4E02-B4DC-09351641E577}.Release|ARM64.ActiveCfg = Release|Any CPU
		{FF974082-375A-4E02-B4DC-09351641E577}.Release|ARM64.Build.0 = Release|Any CPU
		{FF974082-375A-4E02-B4DC-09351641E577}.Release|ARM64.Deploy.0 = Release|Any CPU
		{FF974082-375A-4E02-B4DC-09351641E577}.Release|iPhone.ActiveCfg = Release|Any CPU
		{FF974082-375A-4E02-B4DC-09351641E577}.Release|iPhone.Build.0 = Release|Any CPU
		{FF974082-375A-4E02-B4DC-09351641E577}.Release|iPhone.Deploy.0 = Release|Any CPU
		{FF974082-375A-4E02-B4DC-09351641E577}.Release|iPhoneSimulator.ActiveCfg = Release|Any CPU
		{FF974082-375A-4E02-B4DC-09351641E577}.Release|iPhoneSimulator.Build.0 = Release|Any CPU
		{FF974082-375A-4E02-B4DC-09351641E577}.Release|iPhoneSimulator.Deploy.0 = Release|Any CPU
		{FF974082-375A-4E02-B4DC-09351641E577}.Release|x64.ActiveCfg = Release|Any CPU
		{FF974082-375A-4E02-B4DC-09351641E577}.Release|x64.Build.0 = Release|Any CPU
		{FF974082-375A-4E02-B4DC-09351641E577}.Release|x64.Deploy.0 = Release|Any CPU
		{FF974082-375A-4E02-B4DC-09351641E577}.Release|x86.ActiveCfg = Release|Any CPU
		{FF974082-375A-4E02-B4DC-09351641E577}.Release|x86.Build.0 = Release|Any CPU
		{FF974082-375A-4E02-B4DC-09351641E577}.Release|x86.Deploy.0 = Release|Any CPU
		{1EB0D1FE-7F20-4D82-8442-7A84035B79AF}.Ad-Hoc|Any CPU.ActiveCfg = Ad-Hoc|iPhone
		{1EB0D1FE-7F20-4D82-8442-7A84035B79AF}.Ad-Hoc|ARM.ActiveCfg = Ad-Hoc|iPhone
		{1EB0D1FE-7F20-4D82-8442-7A84035B79AF}.Ad-Hoc|ARM64.ActiveCfg = Ad-Hoc|iPhone
		{1EB0D1FE-7F20-4D82-8442-7A84035B79AF}.Ad-Hoc|iPhone.ActiveCfg = Ad-Hoc|iPhone
		{1EB0D1FE-7F20-4D82-8442-7A84035B79AF}.Ad-Hoc|iPhone.Build.0 = Ad-Hoc|iPhone
		{1EB0D1FE-7F20-4D82-8442-7A84035B79AF}.Ad-Hoc|iPhoneSimulator.ActiveCfg = Ad-Hoc|iPhoneSimulator
		{1EB0D1FE-7F20-4D82-8442-7A84035B79AF}.Ad-Hoc|iPhoneSimulator.Build.0 = Ad-Hoc|iPhoneSimulator
		{1EB0D1FE-7F20-4D82-8442-7A84035B79AF}.Ad-Hoc|x64.ActiveCfg = Ad-Hoc|iPhone
		{1EB0D1FE-7F20-4D82-8442-7A84035B79AF}.Ad-Hoc|x86.ActiveCfg = Ad-Hoc|iPhone
		{1EB0D1FE-7F20-4D82-8442-7A84035B79AF}.AppStore|Any CPU.ActiveCfg = AppStore|iPhone
		{1EB0D1FE-7F20-4D82-8442-7A84035B79AF}.AppStore|ARM.ActiveCfg = AppStore|iPhone
		{1EB0D1FE-7F20-4D82-8442-7A84035B79AF}.AppStore|ARM64.ActiveCfg = AppStore|iPhone
		{1EB0D1FE-7F20-4D82-8442-7A84035B79AF}.AppStore|iPhone.ActiveCfg = AppStore|iPhone
		{1EB0D1FE-7F20-4D82-8442-7A84035B79AF}.AppStore|iPhone.Build.0 = AppStore|iPhone
		{1EB0D1FE-7F20-4D82-8442-7A84035B79AF}.AppStore|iPhoneSimulator.ActiveCfg = AppStore|iPhoneSimulator
		{1EB0D1FE-7F20-4D82-8442-7A84035B79AF}.AppStore|iPhoneSimulator.Build.0 = AppStore|iPhoneSimulator
		{1EB0D1FE-7F20-4D82-8442-7A84035B79AF}.AppStore|x64.ActiveCfg = AppStore|iPhone
		{1EB0D1FE-7F20-4D82-8442-7A84035B79AF}.AppStore|x86.ActiveCfg = AppStore|iPhone
		{1EB0D1FE-7F20-4D82-8442-7A84035B79AF}.Debug|Any CPU.ActiveCfg = Debug|iPhone
		{1EB0D1FE-7F20-4D82-8442-7A84035B79AF}.Debug|ARM.ActiveCfg = Debug|iPhone
		{1EB0D1FE-7F20-4D82-8442-7A84035B79AF}.Debug|ARM64.ActiveCfg = Debug|iPhone
		{1EB0D1FE-7F20-4D82-8442-7A84035B79AF}.Debug|iPhone.ActiveCfg = Debug|iPhone
		{1EB0D1FE-7F20-4D82-8442-7A84035B79AF}.Debug|iPhone.Build.0 = Debug|iPhone
		{1EB0D1FE-7F20-4D82-8442-7A84035B79AF}.Debug|iPhoneSimulator.ActiveCfg = Debug|iPhoneSimulator
		{1EB0D1FE-7F20-4D82-8442-7A84035B79AF}.Debug|iPhoneSimulator.Build.0 = Debug|iPhoneSimulator
		{1EB0D1FE-7F20-4D82-8442-7A84035B79AF}.Debug|x64.ActiveCfg = Debug|iPhone
		{1EB0D1FE-7F20-4D82-8442-7A84035B79AF}.Debug|x86.ActiveCfg = Debug|iPhone
		{1EB0D1FE-7F20-4D82-8442-7A84035B79AF}.Release|Any CPU.ActiveCfg = Release|iPhone
		{1EB0D1FE-7F20-4D82-8442-7A84035B79AF}.Release|ARM.ActiveCfg = Release|iPhone
		{1EB0D1FE-7F20-4D82-8442-7A84035B79AF}.Release|ARM64.ActiveCfg = Release|iPhone
		{1EB0D1FE-7F20-4D82-8442-7A84035B79AF}.Release|iPhone.ActiveCfg = Release|iPhone
		{1EB0D1FE-7F20-4D82-8442-7A84035B79AF}.Release|iPhone.Build.0 = Release|iPhone
		{1EB0D1FE-7F20-4D82-8442-7A84035B79AF}.Release|iPhoneSimulator.ActiveCfg = Release|iPhoneSimulator
		{1EB0D1FE-7F20-4D82-8442-7A84035B79AF}.Release|iPhoneSimulator.Build.0 = Release|iPhoneSimulator
		{1EB0D1FE-7F20-4D82-8442-7A84035B79AF}.Release|x64.ActiveCfg = Release|iPhone
		{1EB0D1FE-7F20-4D82-8442-7A84035B79AF}.Release|x86.ActiveCfg = Release|iPhone
		{88FD7C57-9F60-4284-92C4-8382D96CE0B7}.Ad-Hoc|Any CPU.ActiveCfg = Release|x64
		{88FD7C57-9F60-4284-92C4-8382D96CE0B7}.Ad-Hoc|Any CPU.Build.0 = Release|x64
		{88FD7C57-9F60-4284-92C4-8382D96CE0B7}.Ad-Hoc|Any CPU.Deploy.0 = Release|x64
		{88FD7C57-9F60-4284-92C4-8382D96CE0B7}.Ad-Hoc|ARM.ActiveCfg = Release|ARM
		{88FD7C57-9F60-4284-92C4-8382D96CE0B7}.Ad-Hoc|ARM.Build.0 = Release|ARM
		{88FD7C57-9F60-4284-92C4-8382D96CE0B7}.Ad-Hoc|ARM.Deploy.0 = Release|ARM
		{88FD7C57-9F60-4284-92C4-8382D96CE0B7}.Ad-Hoc|ARM64.ActiveCfg = Release|ARM64
		{88FD7C57-9F60-4284-92C4-8382D96CE0B7}.Ad-Hoc|ARM64.Build.0 = Release|ARM64
		{88FD7C57-9F60-4284-92C4-8382D96CE0B7}.Ad-Hoc|ARM64.Deploy.0 = Release|ARM64
		{88FD7C57-9F60-4284-92C4-8382D96CE0B7}.Ad-Hoc|iPhone.ActiveCfg = Release|x64
		{88FD7C57-9F60-4284-92C4-8382D96CE0B7}.Ad-Hoc|iPhone.Build.0 = Release|x64
		{88FD7C57-9F60-4284-92C4-8382D96CE0B7}.Ad-Hoc|iPhone.Deploy.0 = Release|x64
		{88FD7C57-9F60-4284-92C4-8382D96CE0B7}.Ad-Hoc|iPhoneSimulator.ActiveCfg = Release|x64
		{88FD7C57-9F60-4284-92C4-8382D96CE0B7}.Ad-Hoc|iPhoneSimulator.Build.0 = Release|x64
		{88FD7C57-9F60-4284-92C4-8382D96CE0B7}.Ad-Hoc|iPhoneSimulator.Deploy.0 = Release|x64
		{88FD7C57-9F60-4284-92C4-8382D96CE0B7}.Ad-Hoc|x64.ActiveCfg = Release|x64
		{88FD7C57-9F60-4284-92C4-8382D96CE0B7}.Ad-Hoc|x64.Build.0 = Release|x64
		{88FD7C57-9F60-4284-92C4-8382D96CE0B7}.Ad-Hoc|x64.Deploy.0 = Release|x64
		{88FD7C57-9F60-4284-92C4-8382D96CE0B7}.Ad-Hoc|x86.ActiveCfg = Release|x86
		{88FD7C57-9F60-4284-92C4-8382D96CE0B7}.Ad-Hoc|x86.Build.0 = Release|x86
		{88FD7C57-9F60-4284-92C4-8382D96CE0B7}.Ad-Hoc|x86.Deploy.0 = Release|x86
		{88FD7C57-9F60-4284-92C4-8382D96CE0B7}.AppStore|Any CPU.ActiveCfg = Release|x64
		{88FD7C57-9F60-4284-92C4-8382D96CE0B7}.AppStore|Any CPU.Build.0 = Release|x64
		{88FD7C57-9F60-4284-92C4-8382D96CE0B7}.AppStore|Any CPU.Deploy.0 = Release|x64
		{88FD7C57-9F60-4284-92C4-8382D96CE0B7}.AppStore|ARM.ActiveCfg = Release|ARM
		{88FD7C57-9F60-4284-92C4-8382D96CE0B7}.AppStore|ARM.Build.0 = Release|ARM
		{88FD7C57-9F60-4284-92C4-8382D96CE0B7}.AppStore|ARM.Deploy.0 = Release|ARM
		{88FD7C57-9F60-4284-92C4-8382D96CE0B7}.AppStore|ARM64.ActiveCfg = Release|ARM64
		{88FD7C57-9F60-4284-92C4-8382D96CE0B7}.AppStore|ARM64.Build.0 = Release|ARM64
		{88FD7C57-9F60-4284-92C4-8382D96CE0B7}.AppStore|ARM64.Deploy.0 = Release|ARM64
		{88FD7C57-9F60-4284-92C4-8382D96CE0B7}.AppStore|iPhone.ActiveCfg = Release|x64
		{88FD7C57-9F60-4284-92C4-8382D96CE0B7}.AppStore|iPhone.Build.0 = Release|x64
		{88FD7C57-9F60-4284-92C4-8382D96CE0B7}.AppStore|iPhone.Deploy.0 = Release|x64
		{88FD7C57-9F60-4284-92C4-8382D96CE0B7}.AppStore|iPhoneSimulator.ActiveCfg = Release|x64
		{88FD7C57-9F60-4284-92C4-8382D96CE0B7}.AppStore|iPhoneSimulator.Build.0 = Release|x64
		{88FD7C57-9F60-4284-92C4-8382D96CE0B7}.AppStore|iPhoneSimulator.Deploy.0 = Release|x64
		{88FD7C57-9F60-4284-92C4-8382D96CE0B7}.AppStore|x64.ActiveCfg = Release|x64
		{88FD7C57-9F60-4284-92C4-8382D96CE0B7}.AppStore|x64.Build.0 = Release|x64
		{88FD7C57-9F60-4284-92C4-8382D96CE0B7}.AppStore|x64.Deploy.0 = Release|x64
		{88FD7C57-9F60-4284-92C4-8382D96CE0B7}.AppStore|x86.ActiveCfg = Release|x86
		{88FD7C57-9F60-4284-92C4-8382D96CE0B7}.AppStore|x86.Build.0 = Release|x86
		{88FD7C57-9F60-4284-92C4-8382D96CE0B7}.AppStore|x86.Deploy.0 = Release|x86
		{88FD7C57-9F60-4284-92C4-8382D96CE0B7}.Debug|Any CPU.ActiveCfg = Debug|x86
		{88FD7C57-9F60-4284-92C4-8382D96CE0B7}.Debug|ARM.ActiveCfg = Debug|ARM
		{88FD7C57-9F60-4284-92C4-8382D96CE0B7}.Debug|ARM.Build.0 = Debug|ARM
		{88FD7C57-9F60-4284-92C4-8382D96CE0B7}.Debug|ARM.Deploy.0 = Debug|ARM
		{88FD7C57-9F60-4284-92C4-8382D96CE0B7}.Debug|ARM64.ActiveCfg = Debug|ARM64
		{88FD7C57-9F60-4284-92C4-8382D96CE0B7}.Debug|ARM64.Build.0 = Debug|ARM64
		{88FD7C57-9F60-4284-92C4-8382D96CE0B7}.Debug|ARM64.Deploy.0 = Debug|ARM64
		{88FD7C57-9F60-4284-92C4-8382D96CE0B7}.Debug|iPhone.ActiveCfg = Debug|x86
		{88FD7C57-9F60-4284-92C4-8382D96CE0B7}.Debug|iPhoneSimulator.ActiveCfg = Debug|x86
		{88FD7C57-9F60-4284-92C4-8382D96CE0B7}.Debug|x64.ActiveCfg = Debug|x64
		{88FD7C57-9F60-4284-92C4-8382D96CE0B7}.Debug|x64.Build.0 = Debug|x64
		{88FD7C57-9F60-4284-92C4-8382D96CE0B7}.Debug|x64.Deploy.0 = Debug|x64
		{88FD7C57-9F60-4284-92C4-8382D96CE0B7}.Debug|x86.ActiveCfg = Debug|x86
		{88FD7C57-9F60-4284-92C4-8382D96CE0B7}.Debug|x86.Build.0 = Debug|x86
		{88FD7C57-9F60-4284-92C4-8382D96CE0B7}.Debug|x86.Deploy.0 = Debug|x86
		{88FD7C57-9F60-4284-92C4-8382D96CE0B7}.Release|Any CPU.ActiveCfg = Release|x86
		{88FD7C57-9F60-4284-92C4-8382D96CE0B7}.Release|ARM.ActiveCfg = Release|ARM
		{88FD7C57-9F60-4284-92C4-8382D96CE0B7}.Release|ARM.Build.0 = Release|ARM
		{88FD7C57-9F60-4284-92C4-8382D96CE0B7}.Release|ARM.Deploy.0 = Release|ARM
		{88FD7C57-9F60-4284-92C4-8382D96CE0B7}.Release|ARM64.ActiveCfg = Release|ARM64
		{88FD7C57-9F60-4284-92C4-8382D96CE0B7}.Release|ARM64.Build.0 = Release|ARM64
		{88FD7C57-9F60-4284-92C4-8382D96CE0B7}.Release|ARM64.Deploy.0 = Release|ARM64
		{88FD7C57-9F60-4284-92C4-8382D96CE0B7}.Release|iPhone.ActiveCfg = Release|x86
		{88FD7C57-9F60-4284-92C4-8382D96CE0B7}.Release|iPhoneSimulator.ActiveCfg = Release|x86
		{88FD7C57-9F60-4284-92C4-8382D96CE0B7}.Release|x64.ActiveCfg = Release|x64
		{88FD7C57-9F60-4284-92C4-8382D96CE0B7}.Release|x64.Build.0 = Release|x64
		{88FD7C57-9F60-4284-92C4-8382D96CE0B7}.Release|x64.Deploy.0 = Release|x64
		{88FD7C57-9F60-4284-92C4-8382D96CE0B7}.Release|x86.ActiveCfg = Release|x86
		{88FD7C57-9F60-4284-92C4-8382D96CE0B7}.Release|x86.Build.0 = Release|x86
		{88FD7C57-9F60-4284-92C4-8382D96CE0B7}.Release|x86.Deploy.0 = Release|x86
		{BDE3B100-521D-4AFB-B87F-43B98693C339}.Ad-Hoc|Any CPU.ActiveCfg = Debug|Any CPU
		{BDE3B100-521D-4AFB-B87F-43B98693C339}.Ad-Hoc|Any CPU.Build.0 = Debug|Any CPU
		{BDE3B100-521D-4AFB-B87F-43B98693C339}.Ad-Hoc|ARM.ActiveCfg = Debug|Any CPU
		{BDE3B100-521D-4AFB-B87F-43B98693C339}.Ad-Hoc|ARM.Build.0 = Debug|Any CPU
		{BDE3B100-521D-4AFB-B87F-43B98693C339}.Ad-Hoc|ARM64.ActiveCfg = Debug|Any CPU
		{BDE3B100-521D-4AFB-B87F-43B98693C339}.Ad-Hoc|ARM64.Build.0 = Debug|Any CPU
		{BDE3B100-521D-4AFB-B87F-43B98693C339}.Ad-Hoc|iPhone.ActiveCfg = Debug|Any CPU
		{BDE3B100-521D-4AFB-B87F-43B98693C339}.Ad-Hoc|iPhone.Build.0 = Debug|Any CPU
		{BDE3B100-521D-4AFB-B87F-43B98693C339}.Ad-Hoc|iPhoneSimulator.ActiveCfg = Debug|Any CPU
		{BDE3B100-521D-4AFB-B87F-43B98693C339}.Ad-Hoc|iPhoneSimulator.Build.0 = Debug|Any CPU
		{BDE3B100-521D-4AFB-B87F-43B98693C339}.Ad-Hoc|x64.ActiveCfg = Debug|Any CPU
		{BDE3B100-521D-4AFB-B87F-43B98693C339}.Ad-Hoc|x64.Build.0 = Debug|Any CPU
		{BDE3B100-521D-4AFB-B87F-43B98693C339}.Ad-Hoc|x86.ActiveCfg = Debug|Any CPU
		{BDE3B100-521D-4AFB-B87F-43B98693C339}.Ad-Hoc|x86.Build.0 = Debug|Any CPU
		{BDE3B100-521D-4AFB-B87F-43B98693C339}.AppStore|Any CPU.ActiveCfg = Debug|Any CPU
		{BDE3B100-521D-4AFB-B87F-43B98693C339}.AppStore|Any CPU.Build.0 = Debug|Any CPU
		{BDE3B100-521D-4AFB-B87F-43B98693C339}.AppStore|ARM.ActiveCfg = Debug|Any CPU
		{BDE3B100-521D-4AFB-B87F-43B98693C339}.AppStore|ARM.Build.0 = Debug|Any CPU
		{BDE3B100-521D-4AFB-B87F-43B98693C339}.AppStore|ARM64.ActiveCfg = Debug|Any CPU
		{BDE3B100-521D-4AFB-B87F-43B98693C339}.AppStore|ARM64.Build.0 = Debug|Any CPU
		{BDE3B100-521D-4AFB-B87F-43B98693C339}.AppStore|iPhone.ActiveCfg = Debug|Any CPU
		{BDE3B100-521D-4AFB-B87F-43B98693C339}.AppStore|iPhone.Build.0 = Debug|Any CPU
		{BDE3B100-521D-4AFB-B87F-43B98693C339}.AppStore|iPhoneSimulator.ActiveCfg = Debug|Any CPU
		{BDE3B100-521D-4AFB-B87F-43B98693C339}.AppStore|iPhoneSimulator.Build.0 = Debug|Any CPU
		{BDE3B100-521D-4AFB-B87F-43B98693C339}.AppStore|x64.ActiveCfg = Debug|Any CPU
		{BDE3B100-521D-4AFB-B87F-43B98693C339}.AppStore|x64.Build.0 = Debug|Any CPU
		{BDE3B100-521D-4AFB-B87F-43B98693C339}.AppStore|x86.ActiveCfg = Debug|Any CPU
		{BDE3B100-521D-4AFB-B87F-43B98693C339}.AppStore|x86.Build.0 = Debug|Any CPU
		{BDE3B100-521D-4AFB-B87F-43B98693C339}.Debug|Any CPU.ActiveCfg = Debug|Any CPU
		{BDE3B100-521D-4AFB-B87F-43B98693C339}.Debug|Any CPU.Build.0 = Debug|Any CPU
		{BDE3B100-521D-4AFB-B87F-43B98693C339}.Debug|ARM.ActiveCfg = Debug|Any CPU
		{BDE3B100-521D-4AFB-B87F-43B98693C339}.Debug|ARM.Build.0 = Debug|Any CPU
		{BDE3B100-521D-4AFB-B87F-43B98693C339}.Debug|ARM64.ActiveCfg = Debug|Any CPU
		{BDE3B100-521D-4AFB-B87F-43B98693C339}.Debug|ARM64.Build.0 = Debug|Any CPU
		{BDE3B100-521D-4AFB-B87F-43B98693C339}.Debug|iPhone.ActiveCfg = Debug|Any CPU
		{BDE3B100-521D-4AFB-B87F-43B98693C339}.Debug|iPhone.Build.0 = Debug|Any CPU
		{BDE3B100-521D-4AFB-B87F-43B98693C339}.Debug|iPhoneSimulator.ActiveCfg = Debug|Any CPU
		{BDE3B100-521D-4AFB-B87F-43B98693C339}.Debug|iPhoneSimulator.Build.0 = Debug|Any CPU
		{BDE3B100-521D-4AFB-B87F-43B98693C339}.Debug|x64.ActiveCfg = Debug|Any CPU
		{BDE3B100-521D-4AFB-B87F-43B98693C339}.Debug|x64.Build.0 = Debug|Any CPU
		{BDE3B100-521D-4AFB-B87F-43B98693C339}.Debug|x86.ActiveCfg = Debug|Any CPU
		{BDE3B100-521D-4AFB-B87F-43B98693C339}.Debug|x86.Build.0 = Debug|Any CPU
		{BDE3B100-521D-4AFB-B87F-43B98693C339}.Release|Any CPU.ActiveCfg = Release|Any CPU
		{BDE3B100-521D-4AFB-B87F-43B98693C339}.Release|Any CPU.Build.0 = Release|Any CPU
		{BDE3B100-521D-4AFB-B87F-43B98693C339}.Release|ARM.ActiveCfg = Release|Any CPU
		{BDE3B100-521D-4AFB-B87F-43B98693C339}.Release|ARM.Build.0 = Release|Any CPU
		{BDE3B100-521D-4AFB-B87F-43B98693C339}.Release|ARM64.ActiveCfg = Release|Any CPU
		{BDE3B100-521D-4AFB-B87F-43B98693C339}.Release|ARM64.Build.0 = Release|Any CPU
		{BDE3B100-521D-4AFB-B87F-43B98693C339}.Release|iPhone.ActiveCfg = Release|Any CPU
		{BDE3B100-521D-4AFB-B87F-43B98693C339}.Release|iPhone.Build.0 = Release|Any CPU
		{BDE3B100-521D-4AFB-B87F-43B98693C339}.Release|iPhoneSimulator.ActiveCfg = Release|Any CPU
		{BDE3B100-521D-4AFB-B87F-43B98693C339}.Release|iPhoneSimulator.Build.0 = Release|Any CPU
		{BDE3B100-521D-4AFB-B87F-43B98693C339}.Release|x64.ActiveCfg = Release|Any CPU
		{BDE3B100-521D-4AFB-B87F-43B98693C339}.Release|x64.Build.0 = Release|Any CPU
		{BDE3B100-521D-4AFB-B87F-43B98693C339}.Release|x86.ActiveCfg = Release|Any CPU
		{BDE3B100-521D-4AFB-B87F-43B98693C339}.Release|x86.Build.0 = Release|Any CPU
		{D5D37F28-D960-4A7F-BF7B-2D6620F0889F}.Ad-Hoc|Any CPU.ActiveCfg = Release|iPhoneSimulator
		{D5D37F28-D960-4A7F-BF7B-2D6620F0889F}.Ad-Hoc|Any CPU.Build.0 = Release|iPhoneSimulator
		{D5D37F28-D960-4A7F-BF7B-2D6620F0889F}.Ad-Hoc|ARM.ActiveCfg = Release|iPhoneSimulator
		{D5D37F28-D960-4A7F-BF7B-2D6620F0889F}.Ad-Hoc|ARM.Build.0 = Release|iPhoneSimulator
		{D5D37F28-D960-4A7F-BF7B-2D6620F0889F}.Ad-Hoc|ARM64.ActiveCfg = Release|iPhoneSimulator
		{D5D37F28-D960-4A7F-BF7B-2D6620F0889F}.Ad-Hoc|ARM64.Build.0 = Release|iPhoneSimulator
		{D5D37F28-D960-4A7F-BF7B-2D6620F0889F}.Ad-Hoc|iPhone.ActiveCfg = Release|iPhoneSimulator
		{D5D37F28-D960-4A7F-BF7B-2D6620F0889F}.Ad-Hoc|iPhone.Build.0 = Release|iPhoneSimulator
		{D5D37F28-D960-4A7F-BF7B-2D6620F0889F}.Ad-Hoc|iPhoneSimulator.ActiveCfg = Release|iPhoneSimulator
		{D5D37F28-D960-4A7F-BF7B-2D6620F0889F}.Ad-Hoc|iPhoneSimulator.Build.0 = Release|iPhoneSimulator
		{D5D37F28-D960-4A7F-BF7B-2D6620F0889F}.Ad-Hoc|x64.ActiveCfg = Release|iPhoneSimulator
		{D5D37F28-D960-4A7F-BF7B-2D6620F0889F}.Ad-Hoc|x64.Build.0 = Release|iPhoneSimulator
		{D5D37F28-D960-4A7F-BF7B-2D6620F0889F}.Ad-Hoc|x86.ActiveCfg = Release|iPhoneSimulator
		{D5D37F28-D960-4A7F-BF7B-2D6620F0889F}.Ad-Hoc|x86.Build.0 = Release|iPhoneSimulator
		{D5D37F28-D960-4A7F-BF7B-2D6620F0889F}.AppStore|Any CPU.ActiveCfg = Release|iPhoneSimulator
		{D5D37F28-D960-4A7F-BF7B-2D6620F0889F}.AppStore|Any CPU.Build.0 = Release|iPhoneSimulator
		{D5D37F28-D960-4A7F-BF7B-2D6620F0889F}.AppStore|ARM.ActiveCfg = Release|iPhoneSimulator
		{D5D37F28-D960-4A7F-BF7B-2D6620F0889F}.AppStore|ARM.Build.0 = Release|iPhoneSimulator
		{D5D37F28-D960-4A7F-BF7B-2D6620F0889F}.AppStore|ARM64.ActiveCfg = Release|iPhoneSimulator
		{D5D37F28-D960-4A7F-BF7B-2D6620F0889F}.AppStore|ARM64.Build.0 = Release|iPhoneSimulator
		{D5D37F28-D960-4A7F-BF7B-2D6620F0889F}.AppStore|iPhone.ActiveCfg = Release|iPhoneSimulator
		{D5D37F28-D960-4A7F-BF7B-2D6620F0889F}.AppStore|iPhone.Build.0 = Release|iPhoneSimulator
		{D5D37F28-D960-4A7F-BF7B-2D6620F0889F}.AppStore|iPhoneSimulator.ActiveCfg = Release|iPhoneSimulator
		{D5D37F28-D960-4A7F-BF7B-2D6620F0889F}.AppStore|iPhoneSimulator.Build.0 = Release|iPhoneSimulator
		{D5D37F28-D960-4A7F-BF7B-2D6620F0889F}.AppStore|x64.ActiveCfg = Release|iPhoneSimulator
		{D5D37F28-D960-4A7F-BF7B-2D6620F0889F}.AppStore|x64.Build.0 = Release|iPhoneSimulator
		{D5D37F28-D960-4A7F-BF7B-2D6620F0889F}.AppStore|x86.ActiveCfg = Release|iPhoneSimulator
		{D5D37F28-D960-4A7F-BF7B-2D6620F0889F}.AppStore|x86.Build.0 = Release|iPhoneSimulator
		{D5D37F28-D960-4A7F-BF7B-2D6620F0889F}.Debug|Any CPU.ActiveCfg = Debug|iPhoneSimulator
		{D5D37F28-D960-4A7F-BF7B-2D6620F0889F}.Debug|ARM.ActiveCfg = Debug|iPhoneSimulator
		{D5D37F28-D960-4A7F-BF7B-2D6620F0889F}.Debug|ARM64.ActiveCfg = Debug|iPhoneSimulator
		{D5D37F28-D960-4A7F-BF7B-2D6620F0889F}.Debug|iPhone.ActiveCfg = Debug|iPhoneSimulator
		{D5D37F28-D960-4A7F-BF7B-2D6620F0889F}.Debug|iPhoneSimulator.ActiveCfg = Debug|iPhoneSimulator
		{D5D37F28-D960-4A7F-BF7B-2D6620F0889F}.Debug|iPhoneSimulator.Build.0 = Debug|iPhoneSimulator
		{D5D37F28-D960-4A7F-BF7B-2D6620F0889F}.Debug|x64.ActiveCfg = Debug|iPhoneSimulator
		{D5D37F28-D960-4A7F-BF7B-2D6620F0889F}.Debug|x86.ActiveCfg = Debug|iPhoneSimulator
		{D5D37F28-D960-4A7F-BF7B-2D6620F0889F}.Release|Any CPU.ActiveCfg = Release|iPhoneSimulator
		{D5D37F28-D960-4A7F-BF7B-2D6620F0889F}.Release|ARM.ActiveCfg = Release|iPhoneSimulator
		{D5D37F28-D960-4A7F-BF7B-2D6620F0889F}.Release|ARM64.ActiveCfg = Release|iPhoneSimulator
		{D5D37F28-D960-4A7F-BF7B-2D6620F0889F}.Release|iPhone.ActiveCfg = Release|iPhoneSimulator
		{D5D37F28-D960-4A7F-BF7B-2D6620F0889F}.Release|iPhoneSimulator.ActiveCfg = Release|iPhoneSimulator
		{D5D37F28-D960-4A7F-BF7B-2D6620F0889F}.Release|iPhoneSimulator.Build.0 = Release|iPhoneSimulator
		{D5D37F28-D960-4A7F-BF7B-2D6620F0889F}.Release|x64.ActiveCfg = Release|iPhoneSimulator
		{D5D37F28-D960-4A7F-BF7B-2D6620F0889F}.Release|x86.ActiveCfg = Release|iPhoneSimulator
	EndGlobalSection
	GlobalSection(SolutionProperties) = preSolution
		HideSolutionNode = FALSE
	EndGlobalSection
	GlobalSection(ExtensibilityGlobals) = postSolution
		SolutionGuid = {052C90C5-B79E-47B9-8FF6-D71998A8DEA5}
	EndGlobalSection
EndGlobal
