
Microsoft Visual Studio Solution File, Format Version 12.00
# Visual Studio Version 16
VisualStudioVersion = 16.0.30128.74
MinimumVisualStudioVersion = 10.0.40219.1
Project("{FAE04EC0-301F-11D3-BF4B-00C04F79EFBC}") = "HalloRefection", "HalloRefection\HalloRefection.csproj", "{46F625EC-7E04-4F75-A6DF-55EFD045FF40}"
EndProject
Global
	GlobalSection(SolutionConfigurationPlatforms) = preSolution
		Debug|Any CPU = Debug|Any CPU
		Release|Any CPU = Release|Any CPU
	EndGlobalSection
	GlobalSection(ProjectConfigurationPlatforms) = postSolution
		{46F625EC-7E04-4F75-A6DF-55EFD045FF40}.Debug|Any CPU.ActiveCfg = Debug|Any CPU
		{46F625EC-7E04-4F75-A6DF-55EFD045FF40}.Debug|Any CPU.Build.0 = Debug|Any CPU
		{46F625EC-7E04-4F75-A6DF-55EFD045FF40}.Release|Any CPU.ActiveCfg = Release|Any CPU
		{46F625EC-7E04-4F75-A6DF-55EFD045FF40}.Release|Any CPU.Build.0 = Release|Any CPU
	EndGlobalSection
	GlobalSection(SolutionProperties) = preSolution
		HideSolutionNode = FALSE
	EndGlobalSection
	GlobalSection(ExtensibilityGlobals) = postSolution
		SolutionGuid = {09981B4D-C052-42DC-AC8C-225A596E2BF8}
	EndGlobalSection
EndGlobal
