
Microsoft Visual Studio Solution File, Format Version 12.00
# Visual Studio Version 16
VisualStudioVersion = 16.0.30128.74
MinimumVisualStudioVersion = 10.0.40219.1
Project("{FAE04EC0-301F-11D3-BF4B-00C04F79EFBC}") = "HalloAync", "HalloAync\HalloAync.csproj", "{2A47672D-CE02-4EEC-8649-52029D0F9ED5}"
EndProject
Global
	GlobalSection(SolutionConfigurationPlatforms) = preSolution
		Debug|Any CPU = Debug|Any CPU
		Release|Any CPU = Release|Any CPU
	EndGlobalSection
	GlobalSection(ProjectConfigurationPlatforms) = postSolution
		{2A47672D-CE02-4EEC-8649-52029D0F9ED5}.Debug|Any CPU.ActiveCfg = Debug|Any CPU
		{2A47672D-CE02-4EEC-8649-52029D0F9ED5}.Debug|Any CPU.Build.0 = Debug|Any CPU
		{2A47672D-CE02-4EEC-8649-52029D0F9ED5}.Release|Any CPU.ActiveCfg = Release|Any CPU
		{2A47672D-CE02-4EEC-8649-52029D0F9ED5}.Release|Any CPU.Build.0 = Release|Any CPU
	EndGlobalSection
	GlobalSection(SolutionProperties) = preSolution
		HideSolutionNode = FALSE
	EndGlobalSection
	GlobalSection(ExtensibilityGlobals) = postSolution
		SolutionGuid = {926B8913-1312-4A71-B1AD-D900482420E2}
	EndGlobalSection
EndGlobal
